
Microsoft Visual Studio Solution File, Format Version 12.00
# Visual Studio 14
VisualStudioVersion = 14.0.25420.1
MinimumVisualStudioVersion = 10.0.40219.1
Project("{FAE04EC0-301F-11D3-BF4B-00C04F79EFBC}") = "DocUnion.Droid", "DocUnion\DocUnion.Droid\DocUnion.Droid.csproj", "{70D60B90-F92A-4F85-880C-0F40EFBA98AB}"
EndProject
Project("{FAE04EC0-301F-11D3-BF4B-00C04F79EFBC}") = "DocUnion.iOS", "DocUnion\DocUnion.iOS\DocUnion.iOS.csproj", "{4D25FC02-1A76-46FA-BB99-3150AB1F056D}"
EndProject
Project("{FAE04EC0-301F-11D3-BF4B-00C04F79EFBC}") = "DocUnion", "DocUnion\DocUnion\DocUnion.csproj", "{96BCC2F9-1314-43C9-BDFE-E88572E55873}"
EndProject
Global
	GlobalSection(SolutionConfigurationPlatforms) = preSolution
		Ad-Hoc|Any CPU = Ad-Hoc|Any CPU
		Ad-Hoc|ARM = Ad-Hoc|ARM
		Ad-Hoc|iPhone = Ad-Hoc|iPhone
		Ad-Hoc|iPhoneSimulator = Ad-Hoc|iPhoneSimulator
		Ad-Hoc|x64 = Ad-Hoc|x64
		Ad-Hoc|x86 = Ad-Hoc|x86
		AppStore|Any CPU = AppStore|Any CPU
		AppStore|ARM = AppStore|ARM
		AppStore|iPhone = AppStore|iPhone
		AppStore|iPhoneSimulator = AppStore|iPhoneSimulator
		AppStore|x64 = AppStore|x64
		AppStore|x86 = AppStore|x86
		Debug|Any CPU = Debug|Any CPU
		Debug|ARM = Debug|ARM
		Debug|iPhone = Debug|iPhone
		Debug|iPhoneSimulator = Debug|iPhoneSimulator
		Debug|x64 = Debug|x64
		Debug|x86 = Debug|x86
		Release|Any CPU = Release|Any CPU
		Release|ARM = Release|ARM
		Release|iPhone = Release|iPhone
		Release|iPhoneSimulator = Release|iPhoneSimulator
		Release|x64 = Release|x64
		Release|x86 = Release|x86
	EndGlobalSection
	GlobalSection(ProjectConfigurationPlatforms) = postSolution
		{70D60B90-F92A-4F85-880C-0F40EFBA98AB}.Ad-Hoc|Any CPU.ActiveCfg = Release|Any CPU
		{70D60B90-F92A-4F85-880C-0F40EFBA98AB}.Ad-Hoc|Any CPU.Build.0 = Release|Any CPU
		{70D60B90-F92A-4F85-880C-0F40EFBA98AB}.Ad-Hoc|Any CPU.Deploy.0 = Release|Any CPU
		{70D60B90-F92A-4F85-880C-0F40EFBA98AB}.Ad-Hoc|ARM.ActiveCfg = Release|Any CPU
		{70D60B90-F92A-4F85-880C-0F40EFBA98AB}.Ad-Hoc|ARM.Build.0 = Release|Any CPU
		{70D60B90-F92A-4F85-880C-0F40EFBA98AB}.Ad-Hoc|ARM.Deploy.0 = Release|Any CPU
		{70D60B90-F92A-4F85-880C-0F40EFBA98AB}.Ad-Hoc|iPhone.ActiveCfg = Release|Any CPU
		{70D60B90-F92A-4F85-880C-0F40EFBA98AB}.Ad-Hoc|iPhone.Build.0 = Release|Any CPU
		{70D60B90-F92A-4F85-880C-0F40EFBA98AB}.Ad-Hoc|iPhone.Deploy.0 = Release|Any CPU
		{70D60B90-F92A-4F85-880C-0F40EFBA98AB}.Ad-Hoc|iPhoneSimulator.ActiveCfg = Release|Any CPU
		{70D60B90-F92A-4F85-880C-0F40EFBA98AB}.Ad-Hoc|iPhoneSimulator.Build.0 = Release|Any CPU
		{70D60B90-F92A-4F85-880C-0F40EFBA98AB}.Ad-Hoc|iPhoneSimulator.Deploy.0 = Release|Any CPU
		{70D60B90-F92A-4F85-880C-0F40EFBA98AB}.Ad-Hoc|x64.ActiveCfg = Release|Any CPU
		{70D60B90-F92A-4F85-880C-0F40EFBA98AB}.Ad-Hoc|x64.Build.0 = Release|Any CPU
		{70D60B90-F92A-4F85-880C-0F40EFBA98AB}.Ad-Hoc|x64.Deploy.0 = Release|Any CPU
		{70D60B90-F92A-4F85-880C-0F40EFBA98AB}.Ad-Hoc|x86.ActiveCfg = Release|Any CPU
		{70D60B90-F92A-4F85-880C-0F40EFBA98AB}.Ad-Hoc|x86.Build.0 = Release|Any CPU
		{70D60B90-F92A-4F85-880C-0F40EFBA98AB}.Ad-Hoc|x86.Deploy.0 = Release|Any CPU
		{70D60B90-F92A-4F85-880C-0F40EFBA98AB}.AppStore|Any CPU.ActiveCfg = Release|Any CPU
		{70D60B90-F92A-4F85-880C-0F40EFBA98AB}.AppStore|Any CPU.Build.0 = Release|Any CPU
		{70D60B90-F92A-4F85-880C-0F40EFBA98AB}.AppStore|Any CPU.Deploy.0 = Release|Any CPU
		{70D60B90-F92A-4F85-880C-0F40EFBA98AB}.AppStore|ARM.ActiveCfg = Release|Any CPU
		{70D60B90-F92A-4F85-880C-0F40EFBA98AB}.AppStore|ARM.Build.0 = Release|Any CPU
		{70D60B90-F92A-4F85-880C-0F40EFBA98AB}.AppStore|ARM.Deploy.0 = Release|Any CPU
		{70D60B90-F92A-4F85-880C-0F40EFBA98AB}.AppStore|iPhone.ActiveCfg = Release|Any CPU
		{70D60B90-F92A-4F85-880C-0F40EFBA98AB}.AppStore|iPhone.Build.0 = Release|Any CPU
		{70D60B90-F92A-4F85-880C-0F40EFBA98AB}.AppStore|iPhone.Deploy.0 = Release|Any CPU
		{70D60B90-F92A-4F85-880C-0F40EFBA98AB}.AppStore|iPhoneSimulator.ActiveCfg = Release|Any CPU
		{70D60B90-F92A-4F85-880C-0F40EFBA98AB}.AppStore|iPhoneSimulator.Build.0 = Release|Any CPU
		{70D60B90-F92A-4F85-880C-0F40EFBA98AB}.AppStore|iPhoneSimulator.Deploy.0 = Release|Any CPU
		{70D60B90-F92A-4F85-880C-0F40EFBA98AB}.AppStore|x64.ActiveCfg = Release|Any CPU
		{70D60B90-F92A-4F85-880C-0F40EFBA98AB}.AppStore|x64.Build.0 = Release|Any CPU
		{70D60B90-F92A-4F85-880C-0F40EFBA98AB}.AppStore|x64.Deploy.0 = Release|Any CPU
		{70D60B90-F92A-4F85-880C-0F40EFBA98AB}.AppStore|x86.ActiveCfg = Release|Any CPU
		{70D60B90-F92A-4F85-880C-0F40EFBA98AB}.AppStore|x86.Build.0 = Release|Any CPU
		{70D60B90-F92A-4F85-880C-0F40EFBA98AB}.AppStore|x86.Deploy.0 = Release|Any CPU
		{70D60B90-F92A-4F85-880C-0F40EFBA98AB}.Debug|Any CPU.ActiveCfg = Debug|Any CPU
		{70D60B90-F92A-4F85-880C-0F40EFBA98AB}.Debug|Any CPU.Build.0 = Debug|Any CPU
		{70D60B90-F92A-4F85-880C-0F40EFBA98AB}.Debug|Any CPU.Deploy.0 = Debug|Any CPU
		{70D60B90-F92A-4F85-880C-0F40EFBA98AB}.Debug|ARM.ActiveCfg = Debug|Any CPU
		{70D60B90-F92A-4F85-880C-0F40EFBA98AB}.Debug|ARM.Build.0 = Debug|Any CPU
		{70D60B90-F92A-4F85-880C-0F40EFBA98AB}.Debug|ARM.Deploy.0 = Debug|Any CPU
		{70D60B90-F92A-4F85-880C-0F40EFBA98AB}.Debug|iPhone.ActiveCfg = Debug|Any CPU
		{70D60B90-F92A-4F85-880C-0F40EFBA98AB}.Debug|iPhone.Build.0 = Debug|Any CPU
		{70D60B90-F92A-4F85-880C-0F40EFBA98AB}.Debug|iPhone.Deploy.0 = Debug|Any CPU
		{70D60B90-F92A-4F85-880C-0F40EFBA98AB}.Debug|iPhoneSimulator.ActiveCfg = Debug|Any CPU
		{70D60B90-F92A-4F85-880C-0F40EFBA98AB}.Debug|iPhoneSimulator.Build.0 = Debug|Any CPU
		{70D60B90-F92A-4F85-880C-0F40EFBA98AB}.Debug|iPhoneSimulator.Deploy.0 = Debug|Any CPU
		{70D60B90-F92A-4F85-880C-0F40EFBA98AB}.Debug|x64.ActiveCfg = Debug|Any CPU
		{70D60B90-F92A-4F85-880C-0F40EFBA98AB}.Debug|x64.Build.0 = Debug|Any CPU
		{70D60B90-F92A-4F85-880C-0F40EFBA98AB}.Debug|x64.Deploy.0 = Debug|Any CPU
		{70D60B90-F92A-4F85-880C-0F40EFBA98AB}.Debug|x86.ActiveCfg = Debug|Any CPU
		{70D60B90-F92A-4F85-880C-0F40EFBA98AB}.Debug|x86.Build.0 = Debug|Any CPU
		{70D60B90-F92A-4F85-880C-0F40EFBA98AB}.Debug|x86.Deploy.0 = Debug|Any CPU
		{70D60B90-F92A-4F85-880C-0F40EFBA98AB}.Release|Any CPU.ActiveCfg = Release|Any CPU
		{70D60B90-F92A-4F85-880C-0F40EFBA98AB}.Release|Any CPU.Build.0 = Release|Any CPU
		{70D60B90-F92A-4F85-880C-0F40EFBA98AB}.Release|Any CPU.Deploy.0 = Release|Any CPU
		{70D60B90-F92A-4F85-880C-0F40EFBA98AB}.Release|ARM.ActiveCfg = Release|Any CPU
		{70D60B90-F92A-4F85-880C-0F40EFBA98AB}.Release|ARM.Build.0 = Release|Any CPU
		{70D60B90-F92A-4F85-880C-0F40EFBA98AB}.Release|ARM.Deploy.0 = Release|Any CPU
		{70D60B90-F92A-4F85-880C-0F40EFBA98AB}.Release|iPhone.ActiveCfg = Release|Any CPU
		{70D60B90-F92A-4F85-880C-0F40EFBA98AB}.Release|iPhone.Build.0 = Release|Any CPU
		{70D60B90-F92A-4F85-880C-0F40EFBA98AB}.Release|iPhone.Deploy.0 = Release|Any CPU
		{70D60B90-F92A-4F85-880C-0F40EFBA98AB}.Release|iPhoneSimulator.ActiveCfg = Release|Any CPU
		{70D60B90-F92A-4F85-880C-0F40EFBA98AB}.Release|iPhoneSimulator.Build.0 = Release|Any CPU
		{70D60B90-F92A-4F85-880C-0F40EFBA98AB}.Release|iPhoneSimulator.Deploy.0 = Release|Any CPU
		{70D60B90-F92A-4F85-880C-0F40EFBA98AB}.Release|x64.ActiveCfg = Release|Any CPU
		{70D60B90-F92A-4F85-880C-0F40EFBA98AB}.Release|x64.Build.0 = Release|Any CPU
		{70D60B90-F92A-4F85-880C-0F40EFBA98AB}.Release|x64.Deploy.0 = Release|Any CPU
		{70D60B90-F92A-4F85-880C-0F40EFBA98AB}.Release|x86.ActiveCfg = Release|Any CPU
		{70D60B90-F92A-4F85-880C-0F40EFBA98AB}.Release|x86.Build.0 = Release|Any CPU
		{70D60B90-F92A-4F85-880C-0F40EFBA98AB}.Release|x86.Deploy.0 = Release|Any CPU
		{4D25FC02-1A76-46FA-BB99-3150AB1F056D}.Ad-Hoc|Any CPU.ActiveCfg = Ad-Hoc|iPhone
		{4D25FC02-1A76-46FA-BB99-3150AB1F056D}.Ad-Hoc|ARM.ActiveCfg = Ad-Hoc|iPhone
		{4D25FC02-1A76-46FA-BB99-3150AB1F056D}.Ad-Hoc|iPhone.ActiveCfg = Ad-Hoc|iPhone
		{4D25FC02-1A76-46FA-BB99-3150AB1F056D}.Ad-Hoc|iPhone.Build.0 = Ad-Hoc|iPhone
		{4D25FC02-1A76-46FA-BB99-3150AB1F056D}.Ad-Hoc|iPhoneSimulator.ActiveCfg = Ad-Hoc|iPhoneSimulator
		{4D25FC02-1A76-46FA-BB99-3150AB1F056D}.Ad-Hoc|iPhoneSimulator.Build.0 = Ad-Hoc|iPhoneSimulator
		{4D25FC02-1A76-46FA-BB99-3150AB1F056D}.Ad-Hoc|x64.ActiveCfg = Ad-Hoc|iPhone
		{4D25FC02-1A76-46FA-BB99-3150AB1F056D}.Ad-Hoc|x86.ActiveCfg = Ad-Hoc|iPhone
		{4D25FC02-1A76-46FA-BB99-3150AB1F056D}.AppStore|Any CPU.ActiveCfg = AppStore|iPhone
		{4D25FC02-1A76-46FA-BB99-3150AB1F056D}.AppStore|ARM.ActiveCfg = AppStore|iPhone
		{4D25FC02-1A76-46FA-BB99-3150AB1F056D}.AppStore|iPhone.ActiveCfg = AppStore|iPhone
		{4D25FC02-1A76-46FA-BB99-3150AB1F056D}.AppStore|iPhone.Build.0 = AppStore|iPhone
		{4D25FC02-1A76-46FA-BB99-3150AB1F056D}.AppStore|iPhoneSimulator.ActiveCfg = AppStore|iPhoneSimulator
		{4D25FC02-1A76-46FA-BB99-3150AB1F056D}.AppStore|iPhoneSimulator.Build.0 = AppStore|iPhoneSimulator
		{4D25FC02-1A76-46FA-BB99-3150AB1F056D}.AppStore|x64.ActiveCfg = AppStore|iPhone
		{4D25FC02-1A76-46FA-BB99-3150AB1F056D}.AppStore|x86.ActiveCfg = AppStore|iPhone
		{4D25FC02-1A76-46FA-BB99-3150AB1F056D}.Debug|Any CPU.ActiveCfg = Debug|iPhone
		{4D25FC02-1A76-46FA-BB99-3150AB1F056D}.Debug|Any CPU.Build.0 = Debug|iPhone
		{4D25FC02-1A76-46FA-BB99-3150AB1F056D}.Debug|ARM.ActiveCfg = Debug|iPhone
		{4D25FC02-1A76-46FA-BB99-3150AB1F056D}.Debug|iPhone.ActiveCfg = Debug|iPhone
		{4D25FC02-1A76-46FA-BB99-3150AB1F056D}.Debug|iPhone.Build.0 = Debug|iPhone
		{4D25FC02-1A76-46FA-BB99-3150AB1F056D}.Debug|iPhoneSimulator.ActiveCfg = Debug|iPhoneSimulator
		{4D25FC02-1A76-46FA-BB99-3150AB1F056D}.Debug|iPhoneSimulator.Build.0 = Debug|iPhoneSimulator
		{4D25FC02-1A76-46FA-BB99-3150AB1F056D}.Debug|x64.ActiveCfg = Debug|iPhone
		{4D25FC02-1A76-46FA-BB99-3150AB1F056D}.Debug|x86.ActiveCfg = Debug|iPhone
		{4D25FC02-1A76-46FA-BB99-3150AB1F056D}.Release|Any CPU.ActiveCfg = Release|iPhone
		{4D25FC02-1A76-46FA-BB99-3150AB1F056D}.Release|ARM.ActiveCfg = Release|iPhone
		{4D25FC02-1A76-46FA-BB99-3150AB1F056D}.Release|iPhone.ActiveCfg = Release|iPhone
		{4D25FC02-1A76-46FA-BB99-3150AB1F056D}.Release|iPhone.Build.0 = Release|iPhone
		{4D25FC02-1A76-46FA-BB99-3150AB1F056D}.Release|iPhoneSimulator.ActiveCfg = Release|iPhoneSimulator
		{4D25FC02-1A76-46FA-BB99-3150AB1F056D}.Release|iPhoneSimulator.Build.0 = Release|iPhoneSimulator
		{4D25FC02-1A76-46FA-BB99-3150AB1F056D}.Release|x64.ActiveCfg = Release|iPhone
		{4D25FC02-1A76-46FA-BB99-3150AB1F056D}.Release|x86.ActiveCfg = Release|iPhone
		{96BCC2F9-1314-43C9-BDFE-E88572E55873}.Ad-Hoc|Any CPU.ActiveCfg = Release|Any CPU
		{96BCC2F9-1314-43C9-BDFE-E88572E55873}.Ad-Hoc|Any CPU.Build.0 = Release|Any CPU
		{96BCC2F9-1314-43C9-BDFE-E88572E55873}.Ad-Hoc|ARM.ActiveCfg = Release|Any CPU
		{96BCC2F9-1314-43C9-BDFE-E88572E55873}.Ad-Hoc|ARM.Build.0 = Release|Any CPU
		{96BCC2F9-1314-43C9-BDFE-E88572E55873}.Ad-Hoc|iPhone.ActiveCfg = Release|Any CPU
		{96BCC2F9-1314-43C9-BDFE-E88572E55873}.Ad-Hoc|iPhone.Build.0 = Release|Any CPU
		{96BCC2F9-1314-43C9-BDFE-E88572E55873}.Ad-Hoc|iPhoneSimulator.ActiveCfg = Release|Any CPU
		{96BCC2F9-1314-43C9-BDFE-E88572E55873}.Ad-Hoc|iPhoneSimulator.Build.0 = Release|Any CPU
		{96BCC2F9-1314-43C9-BDFE-E88572E55873}.Ad-Hoc|x64.ActiveCfg = Release|Any CPU
		{96BCC2F9-1314-43C9-BDFE-E88572E55873}.Ad-Hoc|x64.Build.0 = Release|Any CPU
		{96BCC2F9-1314-43C9-BDFE-E88572E55873}.Ad-Hoc|x86.ActiveCfg = Release|Any CPU
		{96BCC2F9-1314-43C9-BDFE-E88572E55873}.Ad-Hoc|x86.Build.0 = Release|Any CPU
		{96BCC2F9-1314-43C9-BDFE-E88572E55873}.AppStore|Any CPU.ActiveCfg = Release|Any CPU
		{96BCC2F9-1314-43C9-BDFE-E88572E55873}.AppStore|Any CPU.Build.0 = Release|Any CPU
		{96BCC2F9-1314-43C9-BDFE-E88572E55873}.AppStore|ARM.ActiveCfg = Release|Any CPU
		{96BCC2F9-1314-43C9-BDFE-E88572E55873}.AppStore|ARM.Build.0 = Release|Any CPU
		{96BCC2F9-1314-43C9-BDFE-E88572E55873}.AppStore|iPhone.ActiveCfg = Release|Any CPU
		{96BCC2F9-1314-43C9-BDFE-E88572E55873}.AppStore|iPhone.Build.0 = Release|Any CPU
		{96BCC2F9-1314-43C9-BDFE-E88572E55873}.AppStore|iPhoneSimulator.ActiveCfg = Release|Any CPU
		{96BCC2F9-1314-43C9-BDFE-E88572E55873}.AppStore|iPhoneSimulator.Build.0 = Release|Any CPU
		{96BCC2F9-1314-43C9-BDFE-E88572E55873}.AppStore|x64.ActiveCfg = Release|Any CPU
		{96BCC2F9-1314-43C9-BDFE-E88572E55873}.AppStore|x64.Build.0 = Release|Any CPU
		{96BCC2F9-1314-43C9-BDFE-E88572E55873}.AppStore|x86.ActiveCfg = Release|Any CPU
		{96BCC2F9-1314-43C9-BDFE-E88572E55873}.AppStore|x86.Build.0 = Release|Any CPU
		{96BCC2F9-1314-43C9-BDFE-E88572E55873}.Debug|Any CPU.ActiveCfg = Debug|Any CPU
		{96BCC2F9-1314-43C9-BDFE-E88572E55873}.Debug|Any CPU.Build.0 = Debug|Any CPU
		{96BCC2F9-1314-43C9-BDFE-E88572E55873}.Debug|ARM.ActiveCfg = Debug|Any CPU
		{96BCC2F9-1314-43C9-BDFE-E88572E55873}.Debug|ARM.Build.0 = Debug|Any CPU
		{96BCC2F9-1314-43C9-BDFE-E88572E55873}.Debug|iPhone.ActiveCfg = Debug|Any CPU
		{96BCC2F9-1314-43C9-BDFE-E88572E55873}.Debug|iPhone.Build.0 = Debug|Any CPU
		{96BCC2F9-1314-43C9-BDFE-E88572E55873}.Debug|iPhoneSimulator.ActiveCfg = Debug|Any CPU
		{96BCC2F9-1314-43C9-BDFE-E88572E55873}.Debug|iPhoneSimulator.Build.0 = Debug|Any CPU
		{96BCC2F9-1314-43C9-BDFE-E88572E55873}.Debug|x64.ActiveCfg = Debug|Any CPU
		{96BCC2F9-1314-43C9-BDFE-E88572E55873}.Debug|x64.Build.0 = Debug|Any CPU
		{96BCC2F9-1314-43C9-BDFE-E88572E55873}.Debug|x86.ActiveCfg = Debug|Any CPU
		{96BCC2F9-1314-43C9-BDFE-E88572E55873}.Debug|x86.Build.0 = Debug|Any CPU
		{96BCC2F9-1314-43C9-BDFE-E88572E55873}.Release|Any CPU.ActiveCfg = Release|Any CPU
		{96BCC2F9-1314-43C9-BDFE-E88572E55873}.Release|Any CPU.Build.0 = Release|Any CPU
		{96BCC2F9-1314-43C9-BDFE-E88572E55873}.Release|ARM.ActiveCfg = Release|Any CPU
		{96BCC2F9-1314-43C9-BDFE-E88572E55873}.Release|ARM.Build.0 = Release|Any CPU
		{96BCC2F9-1314-43C9-BDFE-E88572E55873}.Release|iPhone.ActiveCfg = Release|Any CPU
		{96BCC2F9-1314-43C9-BDFE-E88572E55873}.Release|iPhone.Build.0 = Release|Any CPU
		{96BCC2F9-1314-43C9-BDFE-E88572E55873}.Release|iPhoneSimulator.ActiveCfg = Release|Any CPU
		{96BCC2F9-1314-43C9-BDFE-E88572E55873}.Release|iPhoneSimulator.Build.0 = Release|Any CPU
		{96BCC2F9-1314-43C9-BDFE-E88572E55873}.Release|x64.ActiveCfg = Release|Any CPU
		{96BCC2F9-1314-43C9-BDFE-E88572E55873}.Release|x64.Build.0 = Release|Any CPU
		{96BCC2F9-1314-43C9-BDFE-E88572E55873}.Release|x86.ActiveCfg = Release|Any CPU
		{96BCC2F9-1314-43C9-BDFE-E88572E55873}.Release|x86.Build.0 = Release|Any CPU
	EndGlobalSection
	GlobalSection(SolutionProperties) = preSolution
		HideSolutionNode = FALSE
	EndGlobalSection
EndGlobal
